// !$*UTF8*$!
{
	archiveVersion = 1;
	classes = {
	};
	objectVersion = 50;
	objects = {

/* Begin PBXBuildFile section */
		CE193D7523F8993900A295F6 /* AppDelegate.swift in Sources */ = {isa = PBXBuildFile; fileRef = CE193D7423F8993900A295F6 /* AppDelegate.swift */; };
		CE193D7923F8993900A295F6 /* ViewController.swift in Sources */ = {isa = PBXBuildFile; fileRef = CE193D7823F8993900A295F6 /* ViewController.swift */; };
		CE193D7C23F8993900A295F6 /* Main.storyboard in Resources */ = {isa = PBXBuildFile; fileRef = CE193D7A23F8993900A295F6 /* Main.storyboard */; };
		CE193D7F23F8993900A295F6 /* TinkoffChat.xcdatamodeld in Sources */ = {isa = PBXBuildFile; fileRef = CE193D7D23F8993900A295F6 /* TinkoffChat.xcdatamodeld */; };
		CE193D8123F8993A00A295F6 /* Assets.xcassets in Resources */ = {isa = PBXBuildFile; fileRef = CE193D8023F8993A00A295F6 /* Assets.xcassets */; };
		CE193D8423F8993A00A295F6 /* LaunchScreen.storyboard in Resources */ = {isa = PBXBuildFile; fileRef = CE193D8223F8993A00A295F6 /* LaunchScreen.storyboard */; };
		CE193D8F23F8993B00A295F6 /* TinkoffChatTests.swift in Sources */ = {isa = PBXBuildFile; fileRef = CE193D8E23F8993B00A295F6 /* TinkoffChatTests.swift */; };
/* End PBXBuildFile section */

/* Begin PBXContainerItemProxy section */
		CE193D8B23F8993B00A295F6 /* PBXContainerItemProxy */ = {
			isa = PBXContainerItemProxy;
			containerPortal = CE193D6923F8993900A295F6 /* Project object */;
			proxyType = 1;
			remoteGlobalIDString = CE193D7023F8993900A295F6;
			remoteInfo = TinkoffChat;
		};
/* End PBXContainerItemProxy section */

/* Begin PBXFileReference section */
		CE193D7123F8993900A295F6 /* TinkoffChat.app */ = {isa = PBXFileReference; explicitFileType = wrapper.application; includeInIndex = 0; path = TinkoffChat.app; sourceTree = BUILT_PRODUCTS_DIR; };
		CE193D7423F8993900A295F6 /* AppDelegate.swift */ = {isa = PBXFileReference; lastKnownFileType = sourcecode.swift; path = AppDelegate.swift; sourceTree = "<group>"; };
		CE193D7823F8993900A295F6 /* ViewController.swift */ = {isa = PBXFileReference; lastKnownFileType = sourcecode.swift; path = ViewController.swift; sourceTree = "<group>"; };
		CE193D7B23F8993900A295F6 /* Base */ = {isa = PBXFileReference; lastKnownFileType = file.storyboard; name = Base; path = Base.lproj/Main.storyboard; sourceTree = "<group>"; };
		CE193D7E23F8993900A295F6 /* TinkoffChat.xcdatamodel */ = {isa = PBXFileReference; lastKnownFileType = wrapper.xcdatamodel; path = TinkoffChat.xcdatamodel; sourceTree = "<group>"; };
		CE193D8023F8993A00A295F6 /* Assets.xcassets */ = {isa = PBXFileReference; lastKnownFileType = folder.assetcatalog; path = Assets.xcassets; sourceTree = "<group>"; };
		CE193D8323F8993A00A295F6 /* Base */ = {isa = PBXFileReference; lastKnownFileType = file.storyboard; name = Base; path = Base.lproj/LaunchScreen.storyboard; sourceTree = "<group>"; };
		CE193D8523F8993A00A295F6 /* Info.plist */ = {isa = PBXFileReference; lastKnownFileType = text.plist.xml; path = Info.plist; sourceTree = "<group>"; };
		CE193D8A23F8993B00A295F6 /* TinkoffChatTests.xctest */ = {isa = PBXFileReference; explicitFileType = wrapper.cfbundle; includeInIndex = 0; path = TinkoffChatTests.xctest; sourceTree = BUILT_PRODUCTS_DIR; };
		CE193D8E23F8993B00A295F6 /* TinkoffChatTests.swift */ = {isa = PBXFileReference; lastKnownFileType = sourcecode.swift; path = TinkoffChatTests.swift; sourceTree = "<group>"; };
		CE193D9023F8993B00A295F6 /* Info.plist */ = {isa = PBXFileReference; lastKnownFileType = text.plist.xml; path = Info.plist; sourceTree = "<group>"; };
/* End PBXFileReference section */

/* Begin PBXFrameworksBuildPhase section */
		CE193D6E23F8993900A295F6 /* Frameworks */ = {
			isa = PBXFrameworksBuildPhase;
			buildActionMask = 2147483647;
			files = (
			);
			runOnlyForDeploymentPostprocessing = 0;
		};
		CE193D8723F8993B00A295F6 /* Frameworks */ = {
			isa = PBXFrameworksBuildPhase;
			buildActionMask = 2147483647;
			files = (
			);
			runOnlyForDeploymentPostprocessing = 0;
		};
/* End PBXFrameworksBuildPhase section */

/* Begin PBXGroup section */
		CE193D6823F8993900A295F6 = {
			isa = PBXGroup;
			children = (
				CE193D7323F8993900A295F6 /* TinkoffChat */,
				CE193D8D23F8993B00A295F6 /* TinkoffChatTests */,
				CE193D7223F8993900A295F6 /* Products */,
			);
			sourceTree = "<group>";
		};
		CE193D7223F8993900A295F6 /* Products */ = {
			isa = PBXGroup;
			children = (
				CE193D7123F8993900A295F6 /* TinkoffChat.app */,
				CE193D8A23F8993B00A295F6 /* TinkoffChatTests.xctest */,
			);
			name = Products;
			sourceTree = "<group>";
		};
		CE193D7323F8993900A295F6 /* TinkoffChat */ = {
			isa = PBXGroup;
			children = (
				CE193D7423F8993900A295F6 /* AppDelegate.swift */,
				CE193D7823F8993900A295F6 /* ViewController.swift */,
				CE193D7A23F8993900A295F6 /* Main.storyboard */,
				CE193D8023F8993A00A295F6 /* Assets.xcassets */,
				CE193D8223F8993A00A295F6 /* LaunchScreen.storyboard */,
				CE193D8523F8993A00A295F6 /* Info.plist */,
				CE193D7D23F8993900A295F6 /* TinkoffChat.xcdatamodeld */,
			);
			path = TinkoffChat;
			sourceTree = "<group>";
		};
		CE193D8D23F8993B00A295F6 /* TinkoffChatTests */ = {
			isa = PBXGroup;
			children = (
				CE193D8E23F8993B00A295F6 /* TinkoffChatTests.swift */,
				CE193D9023F8993B00A295F6 /* Info.plist */,
			);
			path = TinkoffChatTests;
			sourceTree = "<group>";
		};
/* End PBXGroup section */

/* Begin PBXNativeTarget section */
		CE193D7023F8993900A295F6 /* TinkoffChat */ = {
			isa = PBXNativeTarget;
			buildConfigurationList = CE193D9323F8993B00A295F6 /* Build configuration list for PBXNativeTarget "TinkoffChat" */;
			buildPhases = (
				CE193D6D23F8993900A295F6 /* Sources */,
				CE193D6E23F8993900A295F6 /* Frameworks */,
				CE193D6F23F8993900A295F6 /* Resources */,
			);
			buildRules = (
			);
			dependencies = (
			);
			name = TinkoffChat;
			productName = TinkoffChat;
			productReference = CE193D7123F8993900A295F6 /* TinkoffChat.app */;
			productType = "com.apple.product-type.application";
		};
		CE193D8923F8993B00A295F6 /* TinkoffChatTests */ = {
			isa = PBXNativeTarget;
			buildConfigurationList = CE193D9623F8993B00A295F6 /* Build configuration list for PBXNativeTarget "TinkoffChatTests" */;
			buildPhases = (
				CE193D8623F8993B00A295F6 /* Sources */,
				CE193D8723F8993B00A295F6 /* Frameworks */,
				CE193D8823F8993B00A295F6 /* Resources */,
			);
			buildRules = (
			);
			dependencies = (
				CE193D8C23F8993B00A295F6 /* PBXTargetDependency */,
			);
			name = TinkoffChatTests;
			productName = TinkoffChatTests;
			productReference = CE193D8A23F8993B00A295F6 /* TinkoffChatTests.xctest */;
			productType = "com.apple.product-type.bundle.unit-test";
		};
/* End PBXNativeTarget section */

/* Begin PBXProject section */
		CE193D6923F8993900A295F6 /* Project object */ = {
			isa = PBXProject;
			attributes = {
				LastSwiftUpdateCheck = 1130;
				LastUpgradeCheck = 1130;
				ORGANIZATIONNAME = "Tinkoff Bank";
				TargetAttributes = {
					CE193D7023F8993900A295F6 = {
						CreatedOnToolsVersion = 11.3.1;
					};
					CE193D8923F8993B00A295F6 = {
						CreatedOnToolsVersion = 11.3.1;
						TestTargetID = CE193D7023F8993900A295F6;
					};
				};
			};
			buildConfigurationList = CE193D6C23F8993900A295F6 /* Build configuration list for PBXProject "TinkoffChat" */;
			compatibilityVersion = "Xcode 9.3";
			developmentRegion = en;
			hasScannedForEncodings = 0;
			knownRegions = (
				en,
				Base,
			);
			mainGroup = CE193D6823F8993900A295F6;
			productRefGroup = CE193D7223F8993900A295F6 /* Products */;
			projectDirPath = "";
			projectRoot = "";
			targets = (
				CE193D7023F8993900A295F6 /* TinkoffChat */,
				CE193D8923F8993B00A295F6 /* TinkoffChatTests */,
			);
		};
/* End PBXProject section */

/* Begin PBXResourcesBuildPhase section */
		CE193D6F23F8993900A295F6 /* Resources */ = {
			isa = PBXResourcesBuildPhase;
			buildActionMask = 2147483647;
			files = (
				CE193D8423F8993A00A295F6 /* LaunchScreen.storyboard in Resources */,
				CE193D8123F8993A00A295F6 /* Assets.xcassets in Resources */,
				CE193D7C23F8993900A295F6 /* Main.storyboard in Resources */,
			);
			runOnlyForDeploymentPostprocessing = 0;
		};
		CE193D8823F8993B00A295F6 /* Resources */ = {
			isa = PBXResourcesBuildPhase;
			buildActionMask = 2147483647;
			files = (
			);
			runOnlyForDeploymentPostprocessing = 0;
		};
/* End PBXResourcesBuildPhase section */

/* Begin PBXSourcesBuildPhase section */
		CE193D6D23F8993900A295F6 /* Sources */ = {
			isa = PBXSourcesBuildPhase;
			buildActionMask = 2147483647;
			files = (
				CE193D7923F8993900A295F6 /* ViewController.swift in Sources */,
				CE193D7F23F8993900A295F6 /* TinkoffChat.xcdatamodeld in Sources */,
				CE193D7523F8993900A295F6 /* AppDelegate.swift in Sources */,
			);
			runOnlyForDeploymentPostprocessing = 0;
		};
		CE193D8623F8993B00A295F6 /* Sources */ = {
			isa = PBXSourcesBuildPhase;
			buildActionMask = 2147483647;
			files = (
				CE193D8F23F8993B00A295F6 /* TinkoffChatTests.swift in Sources */,
			);
			runOnlyForDeploymentPostprocessing = 0;
		};
/* End PBXSourcesBuildPhase section */

/* Begin PBXTargetDependency section */
		CE193D8C23F8993B00A295F6 /* PBXTargetDependency */ = {
			isa = PBXTargetDependency;
			target = CE193D7023F8993900A295F6 /* TinkoffChat */;
			targetProxy = CE193D8B23F8993B00A295F6 /* PBXContainerItemProxy */;
		};
/* End PBXTargetDependency section */

/* Begin PBXVariantGroup section */
		CE193D7A23F8993900A295F6 /* Main.storyboard */ = {
			isa = PBXVariantGroup;
			children = (
				CE193D7B23F8993900A295F6 /* Base */,
			);
			name = Main.storyboard;
			sourceTree = "<group>";
		};
		CE193D8223F8993A00A295F6 /* LaunchScreen.storyboard */ = {
			isa = PBXVariantGroup;
			children = (
				CE193D8323F8993A00A295F6 /* Base */,
			);
			name = LaunchScreen.storyboard;
			sourceTree = "<group>";
		};
/* End PBXVariantGroup section */

/* Begin XCBuildConfiguration section */
		CE193D9123F8993B00A295F6 /* Debug */ = {
			isa = XCBuildConfiguration;
			buildSettings = {
				ALWAYS_SEARCH_USER_PATHS = NO;
				CLANG_ANALYZER_NONNULL = YES;
				CLANG_ANALYZER_NUMBER_OBJECT_CONVERSION = YES_AGGRESSIVE;
				CLANG_CXX_LANGUAGE_STANDARD = "gnu++14";
				CLANG_CXX_LIBRARY = "libc++";
				CLANG_ENABLE_MODULES = YES;
				CLANG_ENABLE_OBJC_ARC = YES;
				CLANG_ENABLE_OBJC_WEAK = YES;
				CLANG_WARN_BLOCK_CAPTURE_AUTORELEASING = YES;
				CLANG_WARN_BOOL_CONVERSION = YES;
				CLANG_WARN_COMMA = YES;
				CLANG_WARN_CONSTANT_CONVERSION = YES;
				CLANG_WARN_DEPRECATED_OBJC_IMPLEMENTATIONS = YES;
				CLANG_WARN_DIRECT_OBJC_ISA_USAGE = YES_ERROR;
				CLANG_WARN_DOCUMENTATION_COMMENTS = YES;
				CLANG_WARN_EMPTY_BODY = YES;
				CLANG_WARN_ENUM_CONVERSION = YES;
				CLANG_WARN_INFINITE_RECURSION = YES;
				CLANG_WARN_INT_CONVERSION = YES;
				CLANG_WARN_NON_LITERAL_NULL_CONVERSION = YES;
				CLANG_WARN_OBJC_IMPLICIT_RETAIN_SELF = YES;
				CLANG_WARN_OBJC_LITERAL_CONVERSION = YES;
				CLANG_WARN_OBJC_ROOT_CLASS = YES_ERROR;
				CLANG_WARN_RANGE_LOOP_ANALYSIS = YES;
				CLANG_WARN_STRICT_PROTOTYPES = YES;
				CLANG_WARN_SUSPICIOUS_MOVE = YES;
				CLANG_WARN_UNGUARDED_AVAILABILITY = YES_AGGRESSIVE;
				CLANG_WARN_UNREACHABLE_CODE = YES;
				CLANG_WARN__DUPLICATE_METHOD_MATCH = YES;
				COPY_PHASE_STRIP = NO;
				DEBUG_INFORMATION_FORMAT = dwarf;
				ENABLE_STRICT_OBJC_MSGSEND = YES;
				ENABLE_TESTABILITY = YES;
				GCC_C_LANGUAGE_STANDARD = gnu11;
				GCC_DYNAMIC_NO_PIC = NO;
				GCC_NO_COMMON_BLOCKS = YES;
				GCC_OPTIMIZATION_LEVEL = 0;
				GCC_PREPROCESSOR_DEFINITIONS = (
					"DEBUG=1",
					"$(inherited)",
				);
				GCC_WARN_64_TO_32_BIT_CONVERSION = YES;
				GCC_WARN_ABOUT_RETURN_TYPE = YES_ERROR;
				GCC_WARN_UNDECLARED_SELECTOR = YES;
				GCC_WARN_UNINITIALIZED_AUTOS = YES_AGGRESSIVE;
				GCC_WARN_UNUSED_FUNCTION = YES;
				GCC_WARN_UNUSED_VARIABLE = YES;
				IPHONEOS_DEPLOYMENT_TARGET = 13.2;
				MTL_ENABLE_DEBUG_INFO = INCLUDE_SOURCE;
				MTL_FAST_MATH = YES;
				ONLY_ACTIVE_ARCH = YES;
				SDKROOT = iphoneos;
				SWIFT_ACTIVE_COMPILATION_CONDITIONS = DEBUG;
				SWIFT_OPTIMIZATION_LEVEL = "-Onone";
			};
			name = Debug;
		};
		CE193D9223F8993B00A295F6 /* Release */ = {
			isa = XCBuildConfiguration;
			buildSettings = {
				ALWAYS_SEARCH_USER_PATHS = NO;
				CLANG_ANALYZER_NONNULL = YES;
				CLANG_ANALYZER_NUMBER_OBJECT_CONVERSION = YES_AGGRESSIVE;
				CLANG_CXX_LANGUAGE_STANDARD = "gnu++14";
				CLANG_CXX_LIBRARY = "libc++";
				CLANG_ENABLE_MODULES = YES;
				CLANG_ENABLE_OBJC_ARC = YES;
				CLANG_ENABLE_OBJC_WEAK = YES;
				CLANG_WARN_BLOCK_CAPTURE_AUTORELEASING = YES;
				CLANG_WARN_BOOL_CONVERSION = YES;
				CLANG_WARN_COMMA = YES;
				CLANG_WARN_CONSTANT_CONVERSION = YES;
				CLANG_WARN_DEPRECATED_OBJC_IMPLEMENTATIONS = YES;
				CLANG_WARN_DIRECT_OBJC_ISA_USAGE = YES_ERROR;
				CLANG_WARN_DOCUMENTATION_COMMENTS = YES;
				CLANG_WARN_EMPTY_BODY = YES;
				CLANG_WARN_ENUM_CONVERSION = YES;
				CLANG_WARN_INFINITE_RECURSION = YES;
				CLANG_WARN_INT_CONVERSION = YES;
				CLANG_WARN_NON_LITERAL_NULL_CONVERSION = YES;
				CLANG_WARN_OBJC_IMPLICIT_RETAIN_SELF = YES;
				CLANG_WARN_OBJC_LITERAL_CONVERSION = YES;
				CLANG_WARN_OBJC_ROOT_CLASS = YES_ERROR;
				CLANG_WARN_RANGE_LOOP_ANALYSIS = YES;
				CLANG_WARN_STRICT_PROTOTYPES = YES;
				CLANG_WARN_SUSPICIOUS_MOVE = YES;
				CLANG_WARN_UNGUARDED_AVAILABILITY = YES_AGGRESSIVE;
				CLANG_WARN_UNREACHABLE_CODE = YES;
				CLANG_WARN__DUPLICATE_METHOD_MATCH = YES;
				COPY_PHASE_STRIP = NO;
				DEBUG_INFORMATION_FORMAT = "dwarf-with-dsym";
				ENABLE_NS_ASSERTIONS = NO;
				ENABLE_STRICT_OBJC_MSGSEND = YES;
				GCC_C_LANGUAGE_STANDARD = gnu11;
				GCC_NO_COMMON_BLOCKS = YES;
				GCC_WARN_64_TO_32_BIT_CONVERSION = YES;
				GCC_WARN_ABOUT_RETURN_TYPE = YES_ERROR;
				GCC_WARN_UNDECLARED_SELECTOR = YES;
				GCC_WARN_UNINITIALIZED_AUTOS = YES_AGGRESSIVE;
				GCC_WARN_UNUSED_FUNCTION = YES;
				GCC_WARN_UNUSED_VARIABLE = YES;
				IPHONEOS_DEPLOYMENT_TARGET = 13.2;
				MTL_ENABLE_DEBUG_INFO = NO;
				MTL_FAST_MATH = YES;
				SDKROOT = iphoneos;
				SWIFT_COMPILATION_MODE = wholemodule;
				SWIFT_OPTIMIZATION_LEVEL = "-O";
				VALIDATE_PRODUCT = YES;
			};
			name = Release;
		};
		CE193D9423F8993B00A295F6 /* Debug */ = {
			isa = XCBuildConfiguration;
			buildSettings = {
				ASSETCATALOG_COMPILER_APPICON_NAME = AppIcon;
				CODE_SIGN_IDENTITY = "Apple Development";
				CODE_SIGN_STYLE = Automatic;
				DEVELOPMENT_TEAM = "";
				INFOPLIST_FILE = TinkoffChat/Info.plist;
				IPHONEOS_DEPLOYMENT_TARGET = 11.0;
				LD_RUNPATH_SEARCH_PATHS = (
					"$(inherited)",
					"@executable_path/Frameworks",
				);
				PRODUCT_BUNDLE_IDENTIFIER = tcs.TinkoffChat;
				PRODUCT_NAME = "$(TARGET_NAME)";
				PROVISIONING_PROFILE_SPECIFIER = "";
				SWIFT_VERSION = 5.0;
				TARGETED_DEVICE_FAMILY = 1;
			};
			name = Debug;
		};
		CE193D9523F8993B00A295F6 /* Release */ = {
			isa = XCBuildConfiguration;
			buildSettings = {
				ASSETCATALOG_COMPILER_APPICON_NAME = AppIcon;
				CODE_SIGN_IDENTITY = "Apple Development";
				CODE_SIGN_STYLE = Automatic;
				DEVELOPMENT_TEAM = "";
				INFOPLIST_FILE = TinkoffChat/Info.plist;
				IPHONEOS_DEPLOYMENT_TARGET = 11.0;
				LD_RUNPATH_SEARCH_PATHS = (
					"$(inherited)",
					"@executable_path/Frameworks",
				);
				PRODUCT_BUNDLE_IDENTIFIER = tcs.TinkoffChat;
				PRODUCT_NAME = "$(TARGET_NAME)";
				PROVISIONING_PROFILE_SPECIFIER = "";
				SWIFT_VERSION = 5.0;
				TARGETED_DEVICE_FAMILY = 1;
			};
			name = Release;
		};
		CE193D9723F8993B00A295F6 /* Debug */ = {
			isa = XCBuildConfiguration;
			buildSettings = {
				ALWAYS_EMBED_SWIFT_STANDARD_LIBRARIES = YES;
				BUNDLE_LOADER = "$(TEST_HOST)";
				CODE_SIGN_STYLE = Automatic;
				INFOPLIST_FILE = TinkoffChatTests/Info.plist;
				IPHONEOS_DEPLOYMENT_TARGET = 13.2;
				LD_RUNPATH_SEARCH_PATHS = (
					"$(inherited)",
					"@executable_path/Frameworks",
					"@loader_path/Frameworks",
				);
				PRODUCT_BUNDLE_IDENTIFIER = tcs.TinkoffChatTests;
				PRODUCT_NAME = "$(TARGET_NAME)";
				SWIFT_VERSION = 5.0;
				TARGETED_DEVICE_FAMILY = "1,2";
				TEST_HOST = "$(BUILT_PRODUCTS_DIR)/TinkoffChat.app/TinkoffChat";
			};
			name = Debug;
		};
		CE193D9823F8993B00A295F6 /* Release */ = {
			isa = XCBuildConfiguration;
			buildSettings = {
				ALWAYS_EMBED_SWIFT_STANDARD_LIBRARIES = YES;
				BUNDLE_LOADER = "$(TEST_HOST)";
				CODE_SIGN_STYLE = Automatic;
				INFOPLIST_FILE = TinkoffChatTests/Info.plist;
				IPHONEOS_DEPLOYMENT_TARGET = 13.2;
				LD_RUNPATH_SEARCH_PATHS = (
					"$(inherited)",
					"@executable_path/Frameworks",
					"@loader_path/Frameworks",
				);
				PRODUCT_BUNDLE_IDENTIFIER = tcs.TinkoffChatTests;
				PRODUCT_NAME = "$(TARGET_NAME)";
				SWIFT_VERSION = 5.0;
				TARGETED_DEVICE_FAMILY = "1,2";
				TEST_HOST = "$(BUILT_PRODUCTS_DIR)/TinkoffChat.app/TinkoffChat";
			};
			name = Release;
		};
/* End XCBuildConfiguration section */

/* Begin XCConfigurationList section */
		CE193D6C23F8993900A295F6 /* Build configuration list for PBXProject "TinkoffChat" */ = {
			isa = XCConfigurationList;
			buildConfigurations = (
				CE193D9123F8993B00A295F6 /* Debug */,
				CE193D9223F8993B00A295F6 /* Release */,
			);
			defaultConfigurationIsVisible = 0;
			defaultConfigurationName = Release;
		};
		CE193D9323F8993B00A295F6 /* Build configuration list for PBXNativeTarget "TinkoffChat" */ = {
			isa = XCConfigurationList;
			buildConfigurations = (
				CE193D9423F8993B00A295F6 /* Debug */,
				CE193D9523F8993B00A295F6 /* Release */,
			);
			defaultConfigurationIsVisible = 0;
			defaultConfigurationName = Release;
		};
		CE193D9623F8993B00A295F6 /* Build configuration list for PBXNativeTarget "TinkoffChatTests" */ = {
			isa = XCConfigurationList;
			buildConfigurations = (
				CE193D9723F8993B00A295F6 /* Debug */,
				CE193D9823F8993B00A295F6 /* Release */,
			);
			defaultConfigurationIsVisible = 0;
			defaultConfigurationName = Release;
		};
/* End XCConfigurationList section */

/* Begin XCVersionGroup section */
		CE193D7D23F8993900A295F6 /* TinkoffChat.xcdatamodeld */ = {
			isa = XCVersionGroup;
			children = (
				CE193D7E23F8993900A295F6 /* TinkoffChat.xcdatamodel */,
			);
			currentVersion = CE193D7E23F8993900A295F6 /* TinkoffChat.xcdatamodel */;
			path = TinkoffChat.xcdatamodeld;
			sourceTree = "<group>";
			versionGroupType = wrapper.xcdatamodel;
		};
/* End XCVersionGroup section */
	};
	rootObject = CE193D6923F8993900A295F6 /* Project object */;
}
