// !$*UTF8*$!
{
	archiveVersion = 1;
	classes = {
	};
	objectVersion = 51;
	objects = {

/* Begin PBXBuildFile section */
		7A1BA775576F9AF19ECC20FF /* Pods_TinkoffChatTests.framework in Frameworks */ = {isa = PBXBuildFile; fileRef = 65CA496F08E955F63586F347 /* Pods_TinkoffChatTests.framework */; };
		CE193D7523F8993900A295F6 /* AppDelegate.swift in Sources */ = {isa = PBXBuildFile; fileRef = CE193D7423F8993900A295F6 /* AppDelegate.swift */; };
		CE193D7C23F8993900A295F6 /* Main.storyboard in Resources */ = {isa = PBXBuildFile; fileRef = CE193D7A23F8993900A295F6 /* Main.storyboard */; };
		CE193D7F23F8993900A295F6 /* TinkoffChat.xcdatamodeld in Sources */ = {isa = PBXBuildFile; fileRef = CE193D7D23F8993900A295F6 /* TinkoffChat.xcdatamodeld */; };
		CE193D8123F8993A00A295F6 /* Assets.xcassets in Resources */ = {isa = PBXBuildFile; fileRef = CE193D8023F8993A00A295F6 /* Assets.xcassets */; };
		CE193D8423F8993A00A295F6 /* LaunchScreen.storyboard in Resources */ = {isa = PBXBuildFile; fileRef = CE193D8223F8993A00A295F6 /* LaunchScreen.storyboard */; };
		CE193D8F23F8993B00A295F6 /* TinkoffChatTests.swift in Sources */ = {isa = PBXBuildFile; fileRef = CE193D8E23F8993B00A295F6 /* TinkoffChatTests.swift */; };
		CE1E80BD2411A3F60091C8BF /* ProfileViewController.swift in Sources */ = {isa = PBXBuildFile; fileRef = CE1E80BC2411A3F60091C8BF /* ProfileViewController.swift */; };
		CE7C8C63240C2FA800EF19E3 /* ConversationViewController.swift in Sources */ = {isa = PBXBuildFile; fileRef = CE7C8C62240C2FA800EF19E3 /* ConversationViewController.swift */; };
		CE9BAC952430851600F9DEF3 /* StorageManager.swift in Sources */ = {isa = PBXBuildFile; fileRef = CE9BAC942430851600F9DEF3 /* StorageManager.swift */; };
		CEB5B4222443300D002FD557 /* DialogTableViewCell.swift in Sources */ = {isa = PBXBuildFile; fileRef = CEB5B4212443300C002FD557 /* DialogTableViewCell.swift */; };
		CEB5B43A24436791002FD557 /* ProfileModel.swift in Sources */ = {isa = PBXBuildFile; fileRef = CEB5B43924436791002FD557 /* ProfileModel.swift */; };
		CEB5B43C2443692A002FD557 /* ConversationListModel.swift in Sources */ = {isa = PBXBuildFile; fileRef = CEB5B43B2443692A002FD557 /* ConversationListModel.swift */; };
		CEB5B43E24436B97002FD557 /* ConversationsModel.swift in Sources */ = {isa = PBXBuildFile; fileRef = CEB5B43D24436B97002FD557 /* ConversationsModel.swift */; };
		CEB70E3F240B100B00B1D4A0 /* ConversationsListViewController.swift in Sources */ = {isa = PBXBuildFile; fileRef = CEB70E3D240B100A00B1D4A0 /* ConversationsListViewController.swift */; };
		CEEAF9A8243A3F0800FBA525 /* GoogleService-Info.plist in Resources */ = {isa = PBXBuildFile; fileRef = CEEAF9A7243A3F0800FBA525 /* GoogleService-Info.plist */; };
		EC07C4A22D96E11D7A32B5DD /* Pods_TinkoffChat.framework in Frameworks */ = {isa = PBXBuildFile; fileRef = F55B676624BB19B499F5BA48 /* Pods_TinkoffChat.framework */; };
/* End PBXBuildFile section */

/* Begin PBXContainerItemProxy section */
		CE193D8B23F8993B00A295F6 /* PBXContainerItemProxy */ = {
			isa = PBXContainerItemProxy;
			containerPortal = CE193D6923F8993900A295F6 /* Project object */;
			proxyType = 1;
			remoteGlobalIDString = CE193D7023F8993900A295F6;
			remoteInfo = TinkoffChat;
		};
/* End PBXContainerItemProxy section */

/* Begin PBXFileReference section */
		540380E631CE6285DA8B6CBE /* Pods-TinkoffChat.debug.xcconfig */ = {isa = PBXFileReference; includeInIndex = 1; lastKnownFileType = text.xcconfig; name = "Pods-TinkoffChat.debug.xcconfig"; path = "Target Support Files/Pods-TinkoffChat/Pods-TinkoffChat.debug.xcconfig"; sourceTree = "<group>"; };
		65CA496F08E955F63586F347 /* Pods_TinkoffChatTests.framework */ = {isa = PBXFileReference; explicitFileType = wrapper.framework; includeInIndex = 0; path = Pods_TinkoffChatTests.framework; sourceTree = BUILT_PRODUCTS_DIR; };
		889DB35BDE9E064FB289031C /* Pods-TinkoffChatTests.release.xcconfig */ = {isa = PBXFileReference; includeInIndex = 1; lastKnownFileType = text.xcconfig; name = "Pods-TinkoffChatTests.release.xcconfig"; path = "Target Support Files/Pods-TinkoffChatTests/Pods-TinkoffChatTests.release.xcconfig"; sourceTree = "<group>"; };
		8E7FFF821727FADDDBEE77B7 /* Pods-TinkoffChat.release.xcconfig */ = {isa = PBXFileReference; includeInIndex = 1; lastKnownFileType = text.xcconfig; name = "Pods-TinkoffChat.release.xcconfig"; path = "Target Support Files/Pods-TinkoffChat/Pods-TinkoffChat.release.xcconfig"; sourceTree = "<group>"; };
		9DDB313C1A55AA4120E90295 /* Pods-TinkoffChatTests.debug.xcconfig */ = {isa = PBXFileReference; includeInIndex = 1; lastKnownFileType = text.xcconfig; name = "Pods-TinkoffChatTests.debug.xcconfig"; path = "Target Support Files/Pods-TinkoffChatTests/Pods-TinkoffChatTests.debug.xcconfig"; sourceTree = "<group>"; };
		CE128F362415856E009CBC1C /* TinkoffChatPlayground.playground */ = {isa = PBXFileReference; lastKnownFileType = file.playground; path = TinkoffChatPlayground.playground; sourceTree = "<group>"; xcLanguageSpecificationIdentifier = xcode.lang.swift; };
		CE193D7123F8993900A295F6 /* TinkoffChat.app */ = {isa = PBXFileReference; explicitFileType = wrapper.application; includeInIndex = 0; path = TinkoffChat.app; sourceTree = BUILT_PRODUCTS_DIR; };
		CE193D7423F8993900A295F6 /* AppDelegate.swift */ = {isa = PBXFileReference; lastKnownFileType = sourcecode.swift; path = AppDelegate.swift; sourceTree = "<group>"; };
		CE193D7B23F8993900A295F6 /* Base */ = {isa = PBXFileReference; lastKnownFileType = file.storyboard; name = Base; path = Base.lproj/Main.storyboard; sourceTree = "<group>"; };
		CE193D7E23F8993900A295F6 /* TinkoffChat.xcdatamodel */ = {isa = PBXFileReference; lastKnownFileType = wrapper.xcdatamodel; path = TinkoffChat.xcdatamodel; sourceTree = "<group>"; };
		CE193D8023F8993A00A295F6 /* Assets.xcassets */ = {isa = PBXFileReference; lastKnownFileType = folder.assetcatalog; path = Assets.xcassets; sourceTree = "<group>"; };
		CE193D8323F8993A00A295F6 /* Base */ = {isa = PBXFileReference; lastKnownFileType = file.storyboard; name = Base; path = Base.lproj/LaunchScreen.storyboard; sourceTree = "<group>"; };
		CE193D8523F8993A00A295F6 /* Info.plist */ = {isa = PBXFileReference; lastKnownFileType = text.plist.xml; path = Info.plist; sourceTree = "<group>"; };
		CE193D8A23F8993B00A295F6 /* TinkoffChatTests.xctest */ = {isa = PBXFileReference; explicitFileType = wrapper.cfbundle; includeInIndex = 0; path = TinkoffChatTests.xctest; sourceTree = BUILT_PRODUCTS_DIR; };
		CE193D8E23F8993B00A295F6 /* TinkoffChatTests.swift */ = {isa = PBXFileReference; lastKnownFileType = sourcecode.swift; path = TinkoffChatTests.swift; sourceTree = "<group>"; };
		CE193D9023F8993B00A295F6 /* Info.plist */ = {isa = PBXFileReference; lastKnownFileType = text.plist.xml; path = Info.plist; sourceTree = "<group>"; };
		CE1E80BC2411A3F60091C8BF /* ProfileViewController.swift */ = {isa = PBXFileReference; lastKnownFileType = sourcecode.swift; path = ProfileViewController.swift; sourceTree = "<group>"; };
		CE7C8C62240C2FA800EF19E3 /* ConversationViewController.swift */ = {isa = PBXFileReference; lastKnownFileType = sourcecode.swift; path = ConversationViewController.swift; sourceTree = "<group>"; };
		CE9BAC942430851600F9DEF3 /* StorageManager.swift */ = {isa = PBXFileReference; lastKnownFileType = sourcecode.swift; path = StorageManager.swift; sourceTree = "<group>"; };
		CEB5B4212443300C002FD557 /* DialogTableViewCell.swift */ = {isa = PBXFileReference; fileEncoding = 4; lastKnownFileType = sourcecode.swift; path = DialogTableViewCell.swift; sourceTree = "<group>"; };
		CEB5B43924436791002FD557 /* ProfileModel.swift */ = {isa = PBXFileReference; lastKnownFileType = sourcecode.swift; path = ProfileModel.swift; sourceTree = "<group>"; };
		CEB5B43B2443692A002FD557 /* ConversationListModel.swift */ = {isa = PBXFileReference; lastKnownFileType = sourcecode.swift; path = ConversationListModel.swift; sourceTree = "<group>"; };
		CEB5B43D24436B97002FD557 /* ConversationsModel.swift */ = {isa = PBXFileReference; lastKnownFileType = sourcecode.swift; path = ConversationsModel.swift; sourceTree = "<group>"; };
		CEB70E3D240B100A00B1D4A0 /* ConversationsListViewController.swift */ = {isa = PBXFileReference; lastKnownFileType = sourcecode.swift; path = ConversationsListViewController.swift; sourceTree = "<group>"; };
		CEEAF9A7243A3F0800FBA525 /* GoogleService-Info.plist */ = {isa = PBXFileReference; fileEncoding = 4; lastKnownFileType = text.plist.xml; path = "GoogleService-Info.plist"; sourceTree = "<group>"; };
		F55B676624BB19B499F5BA48 /* Pods_TinkoffChat.framework */ = {isa = PBXFileReference; explicitFileType = wrapper.framework; includeInIndex = 0; path = Pods_TinkoffChat.framework; sourceTree = BUILT_PRODUCTS_DIR; };
/* End PBXFileReference section */

/* Begin PBXFrameworksBuildPhase section */
		CE193D6E23F8993900A295F6 /* Frameworks */ = {
			isa = PBXFrameworksBuildPhase;
			buildActionMask = 2147483647;
			files = (
				EC07C4A22D96E11D7A32B5DD /* Pods_TinkoffChat.framework in Frameworks */,
			);
			runOnlyForDeploymentPostprocessing = 0;
		};
		CE193D8723F8993B00A295F6 /* Frameworks */ = {
			isa = PBXFrameworksBuildPhase;
			buildActionMask = 2147483647;
			files = (
				7A1BA775576F9AF19ECC20FF /* Pods_TinkoffChatTests.framework in Frameworks */,
			);
			runOnlyForDeploymentPostprocessing = 0;
		};
/* End PBXFrameworksBuildPhase section */

/* Begin PBXGroup section */
		76FA0C99CDE8915C72B8EC5F /* Frameworks */ = {
			isa = PBXGroup;
			children = (
				F55B676624BB19B499F5BA48 /* Pods_TinkoffChat.framework */,
				65CA496F08E955F63586F347 /* Pods_TinkoffChatTests.framework */,
			);
			name = Frameworks;
			sourceTree = "<group>";
		};
		CE193D6823F8993900A295F6 = {
			isa = PBXGroup;
			children = (
				CE128F362415856E009CBC1C /* TinkoffChatPlayground.playground */,
				CE193D7323F8993900A295F6 /* TinkoffChat */,
				CE193D8D23F8993B00A295F6 /* TinkoffChatTests */,
				CE193D7223F8993900A295F6 /* Products */,
				E3AAE11CE144E57A465778FD /* Pods */,
				76FA0C99CDE8915C72B8EC5F /* Frameworks */,
			);
			sourceTree = "<group>";
		};
		CE193D7223F8993900A295F6 /* Products */ = {
			isa = PBXGroup;
			children = (
				CE193D7123F8993900A295F6 /* TinkoffChat.app */,
				CE193D8A23F8993B00A295F6 /* TinkoffChatTests.xctest */,
			);
			name = Products;
			sourceTree = "<group>";
		};
		CE193D7323F8993900A295F6 /* TinkoffChat */ = {
			isa = PBXGroup;
			children = (
				CEEAF9A7243A3F0800FBA525 /* GoogleService-Info.plist */,
				CEB5B42824434E93002FD557 /* Supporting File */,
				CEB5B425244347E4002FD557 /* Core Layer */,
				CEB5B424244347D4002FD557 /* Service Layer */,
				CEB5B423244347B8002FD557 /* Presentation Layer */,
				CE193D7423F8993900A295F6 /* AppDelegate.swift */,
				CE193D7D23F8993900A295F6 /* TinkoffChat.xcdatamodeld */,
			);
			path = TinkoffChat;
			sourceTree = "<group>";
		};
		CE193D8D23F8993B00A295F6 /* TinkoffChatTests */ = {
			isa = PBXGroup;
			children = (
				CE193D8E23F8993B00A295F6 /* TinkoffChatTests.swift */,
				CE193D9023F8993B00A295F6 /* Info.plist */,
			);
			path = TinkoffChatTests;
			sourceTree = "<group>";
		};
		CEB5B423244347B8002FD557 /* Presentation Layer */ = {
			isa = PBXGroup;
			children = (
				CE193D7A23F8993900A295F6 /* Main.storyboard */,
				CEB5B430244351EE002FD557 /* Modules */,
				CEB5B42F2443518B002FD557 /* Assembly */,
			);
			path = "Presentation Layer";
			sourceTree = "<group>";
		};
		CEB5B424244347D4002FD557 /* Service Layer */ = {
			isa = PBXGroup;
			children = (
				CEB5B431244351FC002FD557 /* Modules */,
				CEB5B42D2443517F002FD557 /* Assembly */,
			);
			path = "Service Layer";
			sourceTree = "<group>";
		};
		CEB5B425244347E4002FD557 /* Core Layer */ = {
			isa = PBXGroup;
			children = (
				CEB5B43224435203002FD557 /* Modules */,
				CEB5B42A2443515B002FD557 /* Assembly */,
			);
			path = "Core Layer";
			sourceTree = "<group>";
		};
		CEB5B42824434E93002FD557 /* Supporting File */ = {
			isa = PBXGroup;
			children = (
				CE193D8223F8993A00A295F6 /* LaunchScreen.storyboard */,
				CE193D8523F8993A00A295F6 /* Info.plist */,
				CE193D8023F8993A00A295F6 /* Assets.xcassets */,
			);
			path = "Supporting File";
			sourceTree = "<group>";
		};
		CEB5B42A2443515B002FD557 /* Assembly */ = {
			isa = PBXGroup;
			children = (
			);
			path = Assembly;
			sourceTree = "<group>";
		};
		CEB5B42D2443517F002FD557 /* Assembly */ = {
			isa = PBXGroup;
			children = (
			);
			path = Assembly;
			sourceTree = "<group>";
		};
		CEB5B42F2443518B002FD557 /* Assembly */ = {
			isa = PBXGroup;
			children = (
			);
			path = Assembly;
			sourceTree = "<group>";
		};
		CEB5B430244351EE002FD557 /* Modules */ = {
			isa = PBXGroup;
			children = (
				CEB5B436244353E9002FD557 /* ProfileViewController */,
				CEB5B4352443531C002FD557 /* DialogTableViewCellController */,
				CEB5B434244352FA002FD557 /* ConversationListViewController */,
				CEB5B433244352EB002FD557 /* ConversationsListViewController */,
			);
			path = Modules;
			sourceTree = "<group>";
		};
		CEB5B431244351FC002FD557 /* Modules */ = {
			isa = PBXGroup;
			children = (
			);
			path = Modules;
			sourceTree = "<group>";
		};
		CEB5B43224435203002FD557 /* Modules */ = {
			isa = PBXGroup;
			children = (
				CE9BAC942430851600F9DEF3 /* StorageManager.swift */,
			);
			path = Modules;
			sourceTree = "<group>";
		};
		CEB5B433244352EB002FD557 /* ConversationsListViewController */ = {
			isa = PBXGroup;
			children = (
				CEB70E3D240B100A00B1D4A0 /* ConversationsListViewController.swift */,
				CEB5B43D24436B97002FD557 /* ConversationsModel.swift */,
			);
			path = ConversationsListViewController;
			sourceTree = "<group>";
		};
		CEB5B434244352FA002FD557 /* ConversationListViewController */ = {
			isa = PBXGroup;
			children = (
				CE7C8C62240C2FA800EF19E3 /* ConversationViewController.swift */,
				CEB5B43B2443692A002FD557 /* ConversationListModel.swift */,
			);
			path = ConversationListViewController;
			sourceTree = "<group>";
		};
		CEB5B4352443531C002FD557 /* DialogTableViewCellController */ = {
			isa = PBXGroup;
			children = (
				CEB5B4212443300C002FD557 /* DialogTableViewCell.swift */,
			);
			path = DialogTableViewCellController;
			sourceTree = "<group>";
		};
		CEB5B436244353E9002FD557 /* ProfileViewController */ = {
			isa = PBXGroup;
			children = (
				CE1E80BC2411A3F60091C8BF /* ProfileViewController.swift */,
				CEB5B43924436791002FD557 /* ProfileModel.swift */,
			);
			path = ProfileViewController;
			sourceTree = "<group>";
		};
		E3AAE11CE144E57A465778FD /* Pods */ = {
			isa = PBXGroup;
			children = (
				540380E631CE6285DA8B6CBE /* Pods-TinkoffChat.debug.xcconfig */,
				8E7FFF821727FADDDBEE77B7 /* Pods-TinkoffChat.release.xcconfig */,
				9DDB313C1A55AA4120E90295 /* Pods-TinkoffChatTests.debug.xcconfig */,
				889DB35BDE9E064FB289031C /* Pods-TinkoffChatTests.release.xcconfig */,
			);
			path = Pods;
			sourceTree = "<group>";
		};
/* End PBXGroup section */

/* Begin PBXNativeTarget section */
		CE193D7023F8993900A295F6 /* TinkoffChat */ = {
			isa = PBXNativeTarget;
			buildConfigurationList = CE193D9323F8993B00A295F6 /* Build configuration list for PBXNativeTarget "TinkoffChat" */;
			buildPhases = (
				C797517E8CF0CD907D5EE0CA /* [CP] Check Pods Manifest.lock */,
				CE193D6D23F8993900A295F6 /* Sources */,
				CE193D6E23F8993900A295F6 /* Frameworks */,
				CE193D6F23F8993900A295F6 /* Resources */,
				CCEC63749DCE2A6BA9FAE62D /* [CP] Embed Pods Frameworks */,
			);
			buildRules = (
			);
			dependencies = (
			);
			name = TinkoffChat;
			productName = TinkoffChat;
			productReference = CE193D7123F8993900A295F6 /* TinkoffChat.app */;
			productType = "com.apple.product-type.application";
		};
		CE193D8923F8993B00A295F6 /* TinkoffChatTests */ = {
			isa = PBXNativeTarget;
			buildConfigurationList = CE193D9623F8993B00A295F6 /* Build configuration list for PBXNativeTarget "TinkoffChatTests" */;
			buildPhases = (
				8CA000812A054AC8946FEEF6 /* [CP] Check Pods Manifest.lock */,
				CE193D8623F8993B00A295F6 /* Sources */,
				CE193D8723F8993B00A295F6 /* Frameworks */,
				CE193D8823F8993B00A295F6 /* Resources */,
			);
			buildRules = (
			);
			dependencies = (
				CE193D8C23F8993B00A295F6 /* PBXTargetDependency */,
			);
			name = TinkoffChatTests;
			productName = TinkoffChatTests;
			productReference = CE193D8A23F8993B00A295F6 /* TinkoffChatTests.xctest */;
			productType = "com.apple.product-type.bundle.unit-test";
		};
/* End PBXNativeTarget section */

/* Begin PBXProject section */
		CE193D6923F8993900A295F6 /* Project object */ = {
			isa = PBXProject;
			attributes = {
				LastSwiftUpdateCheck = 1130;
				LastUpgradeCheck = 1130;
				ORGANIZATIONNAME = "Tinkoff Bank";
				TargetAttributes = {
					CE193D7023F8993900A295F6 = {
						CreatedOnToolsVersion = 11.3.1;
					};
					CE193D8923F8993B00A295F6 = {
						CreatedOnToolsVersion = 11.3.1;
						TestTargetID = CE193D7023F8993900A295F6;
					};
				};
			};
			buildConfigurationList = CE193D6C23F8993900A295F6 /* Build configuration list for PBXProject "TinkoffChat" */;
			compatibilityVersion = "Xcode 9.3";
			developmentRegion = en;
			hasScannedForEncodings = 0;
			knownRegions = (
				en,
				Base,
			);
			mainGroup = CE193D6823F8993900A295F6;
			productRefGroup = CE193D7223F8993900A295F6 /* Products */;
			projectDirPath = "";
			projectRoot = "";
			targets = (
				CE193D7023F8993900A295F6 /* TinkoffChat */,
				CE193D8923F8993B00A295F6 /* TinkoffChatTests */,
			);
		};
/* End PBXProject section */

/* Begin PBXResourcesBuildPhase section */
		CE193D6F23F8993900A295F6 /* Resources */ = {
			isa = PBXResourcesBuildPhase;
			buildActionMask = 2147483647;
			files = (
				CE193D8423F8993A00A295F6 /* LaunchScreen.storyboard in Resources */,
				CEEAF9A8243A3F0800FBA525 /* GoogleService-Info.plist in Resources */,
				CE193D8123F8993A00A295F6 /* Assets.xcassets in Resources */,
				CE193D7C23F8993900A295F6 /* Main.storyboard in Resources */,
			);
			runOnlyForDeploymentPostprocessing = 0;
		};
		CE193D8823F8993B00A295F6 /* Resources */ = {
			isa = PBXResourcesBuildPhase;
			buildActionMask = 2147483647;
			files = (
			);
			runOnlyForDeploymentPostprocessing = 0;
		};
/* End PBXResourcesBuildPhase section */

/* Begin PBXShellScriptBuildPhase section */
		8CA000812A054AC8946FEEF6 /* [CP] Check Pods Manifest.lock */ = {
			isa = PBXShellScriptBuildPhase;
			buildActionMask = 2147483647;
			files = (
			);
			inputFileListPaths = (
			);
			inputPaths = (
				"${PODS_PODFILE_DIR_PATH}/Podfile.lock",
				"${PODS_ROOT}/Manifest.lock",
			);
			name = "[CP] Check Pods Manifest.lock";
			outputFileListPaths = (
			);
			outputPaths = (
				"$(DERIVED_FILE_DIR)/Pods-TinkoffChatTests-checkManifestLockResult.txt",
			);
			runOnlyForDeploymentPostprocessing = 0;
			shellPath = /bin/sh;
			shellScript = "diff \"${PODS_PODFILE_DIR_PATH}/Podfile.lock\" \"${PODS_ROOT}/Manifest.lock\" > /dev/null\nif [ $? != 0 ] ; then\n    # print error to STDERR\n    echo \"error: The sandbox is not in sync with the Podfile.lock. Run 'pod install' or update your CocoaPods installation.\" >&2\n    exit 1\nfi\n# This output is used by Xcode 'outputs' to avoid re-running this script phase.\necho \"SUCCESS\" > \"${SCRIPT_OUTPUT_FILE_0}\"\n";
			showEnvVarsInLog = 0;
		};
		C797517E8CF0CD907D5EE0CA /* [CP] Check Pods Manifest.lock */ = {
			isa = PBXShellScriptBuildPhase;
			buildActionMask = 2147483647;
			files = (
			);
			inputFileListPaths = (
			);
			inputPaths = (
				"${PODS_PODFILE_DIR_PATH}/Podfile.lock",
				"${PODS_ROOT}/Manifest.lock",
			);
			name = "[CP] Check Pods Manifest.lock";
			outputFileListPaths = (
			);
			outputPaths = (
				"$(DERIVED_FILE_DIR)/Pods-TinkoffChat-checkManifestLockResult.txt",
			);
			runOnlyForDeploymentPostprocessing = 0;
			shellPath = /bin/sh;
			shellScript = "diff \"${PODS_PODFILE_DIR_PATH}/Podfile.lock\" \"${PODS_ROOT}/Manifest.lock\" > /dev/null\nif [ $? != 0 ] ; then\n    # print error to STDERR\n    echo \"error: The sandbox is not in sync with the Podfile.lock. Run 'pod install' or update your CocoaPods installation.\" >&2\n    exit 1\nfi\n# This output is used by Xcode 'outputs' to avoid re-running this script phase.\necho \"SUCCESS\" > \"${SCRIPT_OUTPUT_FILE_0}\"\n";
			showEnvVarsInLog = 0;
		};
		CCEC63749DCE2A6BA9FAE62D /* [CP] Embed Pods Frameworks */ = {
			isa = PBXShellScriptBuildPhase;
			buildActionMask = 2147483647;
			files = (
			);
			inputFileListPaths = (
				"${PODS_ROOT}/Target Support Files/Pods-TinkoffChat/Pods-TinkoffChat-frameworks-${CONFIGURATION}-input-files.xcfilelist",
			);
			name = "[CP] Embed Pods Frameworks";
			outputFileListPaths = (
				"${PODS_ROOT}/Target Support Files/Pods-TinkoffChat/Pods-TinkoffChat-frameworks-${CONFIGURATION}-output-files.xcfilelist",
			);
			runOnlyForDeploymentPostprocessing = 0;
			shellPath = /bin/sh;
			shellScript = "\"${PODS_ROOT}/Target Support Files/Pods-TinkoffChat/Pods-TinkoffChat-frameworks.sh\"\n";
			showEnvVarsInLog = 0;
		};
/* End PBXShellScriptBuildPhase section */

/* Begin PBXSourcesBuildPhase section */
		CE193D6D23F8993900A295F6 /* Sources */ = {
			isa = PBXSourcesBuildPhase;
			buildActionMask = 2147483647;
			files = (
				CEB70E3F240B100B00B1D4A0 /* ConversationsListViewController.swift in Sources */,
				CE7C8C63240C2FA800EF19E3 /* ConversationViewController.swift in Sources */,
				CE1E80BD2411A3F60091C8BF /* ProfileViewController.swift in Sources */,
				CE193D7F23F8993900A295F6 /* TinkoffChat.xcdatamodeld in Sources */,
				CE193D7523F8993900A295F6 /* AppDelegate.swift in Sources */,
				CEB5B43C2443692A002FD557 /* ConversationListModel.swift in Sources */,
				CEB5B43E24436B97002FD557 /* ConversationsModel.swift in Sources */,
				CE9BAC952430851600F9DEF3 /* StorageManager.swift in Sources */,
				CEB5B4222443300D002FD557 /* DialogTableViewCell.swift in Sources */,
				CEB5B43A24436791002FD557 /* ProfileModel.swift in Sources */,
			);
			runOnlyForDeploymentPostprocessing = 0;
		};
		CE193D8623F8993B00A295F6 /* Sources */ = {
			isa = PBXSourcesBuildPhase;
			buildActionMask = 2147483647;
			files = (
				CE193D8F23F8993B00A295F6 /* TinkoffChatTests.swift in Sources */,
			);
			runOnlyForDeploymentPostprocessing = 0;
		};
/* End PBXSourcesBuildPhase section */

/* Begin PBXTargetDependency section */
		CE193D8C23F8993B00A295F6 /* PBXTargetDependency */ = {
			isa = PBXTargetDependency;
			target = CE193D7023F8993900A295F6 /* TinkoffChat */;
			targetProxy = CE193D8B23F8993B00A295F6 /* PBXContainerItemProxy */;
		};
/* End PBXTargetDependency section */

/* Begin PBXVariantGroup section */
		CE193D7A23F8993900A295F6 /* Main.storyboard */ = {
			isa = PBXVariantGroup;
			children = (
				CE193D7B23F8993900A295F6 /* Base */,
			);
			name = Main.storyboard;
			sourceTree = "<group>";
		};
		CE193D8223F8993A00A295F6 /* LaunchScreen.storyboard */ = {
			isa = PBXVariantGroup;
			children = (
				CE193D8323F8993A00A295F6 /* Base */,
			);
			name = LaunchScreen.storyboard;
			sourceTree = "<group>";
		};
/* End PBXVariantGroup section */

/* Begin XCBuildConfiguration section */
		CE193D9123F8993B00A295F6 /* Debug */ = {
			isa = XCBuildConfiguration;
			buildSettings = {
				ALWAYS_SEARCH_USER_PATHS = NO;
				CLANG_ANALYZER_NONNULL = YES;
				CLANG_ANALYZER_NUMBER_OBJECT_CONVERSION = YES_AGGRESSIVE;
				CLANG_CXX_LANGUAGE_STANDARD = "gnu++14";
				CLANG_CXX_LIBRARY = "libc++";
				CLANG_ENABLE_MODULES = YES;
				CLANG_ENABLE_OBJC_ARC = YES;
				CLANG_ENABLE_OBJC_WEAK = YES;
				CLANG_WARN_BLOCK_CAPTURE_AUTORELEASING = YES;
				CLANG_WARN_BOOL_CONVERSION = YES;
				CLANG_WARN_COMMA = YES;
				CLANG_WARN_CONSTANT_CONVERSION = YES;
				CLANG_WARN_DEPRECATED_OBJC_IMPLEMENTATIONS = YES;
				CLANG_WARN_DIRECT_OBJC_ISA_USAGE = YES_ERROR;
				CLANG_WARN_DOCUMENTATION_COMMENTS = YES;
				CLANG_WARN_EMPTY_BODY = YES;
				CLANG_WARN_ENUM_CONVERSION = YES;
				CLANG_WARN_INFINITE_RECURSION = YES;
				CLANG_WARN_INT_CONVERSION = YES;
				CLANG_WARN_NON_LITERAL_NULL_CONVERSION = YES;
				CLANG_WARN_OBJC_IMPLICIT_RETAIN_SELF = YES;
				CLANG_WARN_OBJC_LITERAL_CONVERSION = YES;
				CLANG_WARN_OBJC_ROOT_CLASS = YES_ERROR;
				CLANG_WARN_RANGE_LOOP_ANALYSIS = YES;
				CLANG_WARN_STRICT_PROTOTYPES = YES;
				CLANG_WARN_SUSPICIOUS_MOVE = YES;
				CLANG_WARN_UNGUARDED_AVAILABILITY = YES_AGGRESSIVE;
				CLANG_WARN_UNREACHABLE_CODE = YES;
				CLANG_WARN__DUPLICATE_METHOD_MATCH = YES;
				COPY_PHASE_STRIP = NO;
				DEBUG_INFORMATION_FORMAT = dwarf;
				ENABLE_STRICT_OBJC_MSGSEND = YES;
				ENABLE_TESTABILITY = YES;
				GCC_C_LANGUAGE_STANDARD = gnu11;
				GCC_DYNAMIC_NO_PIC = NO;
				GCC_NO_COMMON_BLOCKS = YES;
				GCC_OPTIMIZATION_LEVEL = 0;
				GCC_PREPROCESSOR_DEFINITIONS = (
					"DEBUG=1",
					"$(inherited)",
				);
				GCC_WARN_64_TO_32_BIT_CONVERSION = YES;
				GCC_WARN_ABOUT_RETURN_TYPE = YES_ERROR;
				GCC_WARN_UNDECLARED_SELECTOR = YES;
				GCC_WARN_UNINITIALIZED_AUTOS = YES_AGGRESSIVE;
				GCC_WARN_UNUSED_FUNCTION = YES;
				GCC_WARN_UNUSED_VARIABLE = YES;
				IPHONEOS_DEPLOYMENT_TARGET = 11.0;
				MTL_ENABLE_DEBUG_INFO = INCLUDE_SOURCE;
				MTL_FAST_MATH = YES;
				ONLY_ACTIVE_ARCH = YES;
				SDKROOT = iphoneos;
				SWIFT_ACTIVE_COMPILATION_CONDITIONS = DEBUG;
				SWIFT_OPTIMIZATION_LEVEL = "-Onone";
			};
			name = Debug;
		};
		CE193D9223F8993B00A295F6 /* Release */ = {
			isa = XCBuildConfiguration;
			buildSettings = {
				ALWAYS_SEARCH_USER_PATHS = NO;
				CLANG_ANALYZER_NONNULL = YES;
				CLANG_ANALYZER_NUMBER_OBJECT_CONVERSION = YES_AGGRESSIVE;
				CLANG_CXX_LANGUAGE_STANDARD = "gnu++14";
				CLANG_CXX_LIBRARY = "libc++";
				CLANG_ENABLE_MODULES = YES;
				CLANG_ENABLE_OBJC_ARC = YES;
				CLANG_ENABLE_OBJC_WEAK = YES;
				CLANG_WARN_BLOCK_CAPTURE_AUTORELEASING = YES;
				CLANG_WARN_BOOL_CONVERSION = YES;
				CLANG_WARN_COMMA = YES;
				CLANG_WARN_CONSTANT_CONVERSION = YES;
				CLANG_WARN_DEPRECATED_OBJC_IMPLEMENTATIONS = YES;
				CLANG_WARN_DIRECT_OBJC_ISA_USAGE = YES_ERROR;
				CLANG_WARN_DOCUMENTATION_COMMENTS = YES;
				CLANG_WARN_EMPTY_BODY = YES;
				CLANG_WARN_ENUM_CONVERSION = YES;
				CLANG_WARN_INFINITE_RECURSION = YES;
				CLANG_WARN_INT_CONVERSION = YES;
				CLANG_WARN_NON_LITERAL_NULL_CONVERSION = YES;
				CLANG_WARN_OBJC_IMPLICIT_RETAIN_SELF = YES;
				CLANG_WARN_OBJC_LITERAL_CONVERSION = YES;
				CLANG_WARN_OBJC_ROOT_CLASS = YES_ERROR;
				CLANG_WARN_RANGE_LOOP_ANALYSIS = YES;
				CLANG_WARN_STRICT_PROTOTYPES = YES;
				CLANG_WARN_SUSPICIOUS_MOVE = YES;
				CLANG_WARN_UNGUARDED_AVAILABILITY = YES_AGGRESSIVE;
				CLANG_WARN_UNREACHABLE_CODE = YES;
				CLANG_WARN__DUPLICATE_METHOD_MATCH = YES;
				COPY_PHASE_STRIP = NO;
				DEBUG_INFORMATION_FORMAT = "dwarf-with-dsym";
				ENABLE_NS_ASSERTIONS = NO;
				ENABLE_STRICT_OBJC_MSGSEND = YES;
				GCC_C_LANGUAGE_STANDARD = gnu11;
				GCC_NO_COMMON_BLOCKS = YES;
				GCC_WARN_64_TO_32_BIT_CONVERSION = YES;
				GCC_WARN_ABOUT_RETURN_TYPE = YES_ERROR;
				GCC_WARN_UNDECLARED_SELECTOR = YES;
				GCC_WARN_UNINITIALIZED_AUTOS = YES_AGGRESSIVE;
				GCC_WARN_UNUSED_FUNCTION = YES;
				GCC_WARN_UNUSED_VARIABLE = YES;
				IPHONEOS_DEPLOYMENT_TARGET = 11.0;
				MTL_ENABLE_DEBUG_INFO = NO;
				MTL_FAST_MATH = YES;
				SDKROOT = iphoneos;
				SWIFT_COMPILATION_MODE = wholemodule;
				SWIFT_OPTIMIZATION_LEVEL = "-O";
				VALIDATE_PRODUCT = YES;
			};
			name = Release;
		};
		CE193D9423F8993B00A295F6 /* Debug */ = {
			isa = XCBuildConfiguration;
			baseConfigurationReference = 540380E631CE6285DA8B6CBE /* Pods-TinkoffChat.debug.xcconfig */;
			buildSettings = {
				ASSETCATALOG_COMPILER_APPICON_NAME = AppIcon;
				CODE_SIGN_IDENTITY = "Apple Development";
				CODE_SIGN_STYLE = Automatic;
				DEVELOPMENT_TEAM = 6L662LY2PK;
				INFOPLIST_FILE = "TinkoffChat/Supporting File/Info.plist";
				IPHONEOS_DEPLOYMENT_TARGET = 11.0;
				LD_RUNPATH_SEARCH_PATHS = (
					"$(inherited)",
					"@executable_path/Frameworks",
				);
				PRODUCT_BUNDLE_IDENTIFIER = ru.tinkoff.messenger;
				PRODUCT_NAME = "$(TARGET_NAME)";
				PROVISIONING_PROFILE_SPECIFIER = "";
				SWIFT_VERSION = 5.0;
				TARGETED_DEVICE_FAMILY = 1;
			};
			name = Debug;
		};
		CE193D9523F8993B00A295F6 /* Release */ = {
			isa = XCBuildConfiguration;
			baseConfigurationReference = 8E7FFF821727FADDDBEE77B7 /* Pods-TinkoffChat.release.xcconfig */;
			buildSettings = {
				ASSETCATALOG_COMPILER_APPICON_NAME = AppIcon;
				CODE_SIGN_IDENTITY = "Apple Development";
				CODE_SIGN_STYLE = Automatic;
				DEVELOPMENT_TEAM = "";
				INFOPLIST_FILE = "TinkoffChat/Supporting File/Info.plist";
				IPHONEOS_DEPLOYMENT_TARGET = 11.0;
				LD_RUNPATH_SEARCH_PATHS = (
					"$(inherited)",
					"@executable_path/Frameworks",
				);
				PRODUCT_BUNDLE_IDENTIFIER = ru.tinkoff.messenger;
				PRODUCT_NAME = "$(TARGET_NAME)";
				PROVISIONING_PROFILE_SPECIFIER = "";
				SWIFT_VERSION = 5.0;
				TARGETED_DEVICE_FAMILY = 1;
			};
			name = Release;
		};
		CE193D9723F8993B00A295F6 /* Debug */ = {
			isa = XCBuildConfiguration;
			baseConfigurationReference = 9DDB313C1A55AA4120E90295 /* Pods-TinkoffChatTests.debug.xcconfig */;
			buildSettings = {
				ALWAYS_EMBED_SWIFT_STANDARD_LIBRARIES = YES;
				BUNDLE_LOADER = "$(TEST_HOST)";
				CODE_SIGN_STYLE = Automatic;
				INFOPLIST_FILE = TinkoffChatTests/Info.plist;
				IPHONEOS_DEPLOYMENT_TARGET = 13.2;
				LD_RUNPATH_SEARCH_PATHS = (
					"$(inherited)",
					"@executable_path/Frameworks",
					"@loader_path/Frameworks",
				);
				PRODUCT_BUNDLE_IDENTIFIER = tcs.TinkoffChatTests;
				PRODUCT_NAME = "$(TARGET_NAME)";
				SWIFT_VERSION = 5.0;
				TARGETED_DEVICE_FAMILY = "1,2";
				TEST_HOST = "$(BUILT_PRODUCTS_DIR)/TinkoffChat.app/TinkoffChat";
			};
			name = Debug;
		};
		CE193D9823F8993B00A295F6 /* Release */ = {
			isa = XCBuildConfiguration;
			baseConfigurationReference = 889DB35BDE9E064FB289031C /* Pods-TinkoffChatTests.release.xcconfig */;
			buildSettings = {
				ALWAYS_EMBED_SWIFT_STANDARD_LIBRARIES = YES;
				BUNDLE_LOADER = "$(TEST_HOST)";
				CODE_SIGN_STYLE = Automatic;
				INFOPLIST_FILE = TinkoffChatTests/Info.plist;
				IPHONEOS_DEPLOYMENT_TARGET = 13.2;
				LD_RUNPATH_SEARCH_PATHS = (
					"$(inherited)",
					"@executable_path/Frameworks",
					"@loader_path/Frameworks",
				);
				PRODUCT_BUNDLE_IDENTIFIER = tcs.TinkoffChatTests;
				PRODUCT_NAME = "$(TARGET_NAME)";
				SWIFT_VERSION = 5.0;
				TARGETED_DEVICE_FAMILY = "1,2";
				TEST_HOST = "$(BUILT_PRODUCTS_DIR)/TinkoffChat.app/TinkoffChat";
			};
			name = Release;
		};
/* End XCBuildConfiguration section */

/* Begin XCConfigurationList section */
		CE193D6C23F8993900A295F6 /* Build configuration list for PBXProject "TinkoffChat" */ = {
			isa = XCConfigurationList;
			buildConfigurations = (
				CE193D9123F8993B00A295F6 /* Debug */,
				CE193D9223F8993B00A295F6 /* Release */,
			);
			defaultConfigurationIsVisible = 0;
			defaultConfigurationName = Release;
		};
		CE193D9323F8993B00A295F6 /* Build configuration list for PBXNativeTarget "TinkoffChat" */ = {
			isa = XCConfigurationList;
			buildConfigurations = (
				CE193D9423F8993B00A295F6 /* Debug */,
				CE193D9523F8993B00A295F6 /* Release */,
			);
			defaultConfigurationIsVisible = 0;
			defaultConfigurationName = Release;
		};
		CE193D9623F8993B00A295F6 /* Build configuration list for PBXNativeTarget "TinkoffChatTests" */ = {
			isa = XCConfigurationList;
			buildConfigurations = (
				CE193D9723F8993B00A295F6 /* Debug */,
				CE193D9823F8993B00A295F6 /* Release */,
			);
			defaultConfigurationIsVisible = 0;
			defaultConfigurationName = Release;
		};
/* End XCConfigurationList section */

/* Begin XCVersionGroup section */
		CE193D7D23F8993900A295F6 /* TinkoffChat.xcdatamodeld */ = {
			isa = XCVersionGroup;
			children = (
				CE193D7E23F8993900A295F6 /* TinkoffChat.xcdatamodel */,
			);
			currentVersion = CE193D7E23F8993900A295F6 /* TinkoffChat.xcdatamodel */;
			path = TinkoffChat.xcdatamodeld;
			sourceTree = "<group>";
			versionGroupType = wrapper.xcdatamodel;
		};
/* End XCVersionGroup section */
	};
	rootObject = CE193D6923F8993900A295F6 /* Project object */;
}
